dependencies:
- name: postgresql
  repository: https://kubernetes-charts.storage.googleapis.com
  version: 0.12.0
- name: mongodb
  repository: https://kubernetes-charts.storage.googleapis.com
  version: 2.0.6
- name: api-gateway
  repository: https://charts.containerum.io
  version: v1.0.0
- name: user-manager
  repository: https://charts.containerum.io
  version: v1.0.0-rc.4
- name: resource
  repository: https://charts.containerum.io
  version: v1.0.0-rc.4
- name: permissions
  repository: https://charts.containerum.io
  version: v1.0.0-rc.3
- name: kube
  repository: https://charts.containerum.io
  version: v1.0.0-rc.0
- name: auth
  repository: https://charts.containerum.io
  version: v1.0.0-rc.0
- name: mail
  repository: https://charts.containerum.io
  version: v1.0.0-rc.1
- name: ui
  repository: https://charts.containerum.io
  version: v1.0.0-rc.0
digest: sha256:564fc71a8c09b54565b013c00b0b1102afe33d9e802faa6db20e1c145c0d1b26
generated: 2018-05-31T15:20:57.5973883+03:00
