dependencies:
- name: postgresql
  repository: https://charts.containerum.io
  version: 0.15.0
- name: mongodb
  repository: https://charts.containerum.io
  version: 3.0.4
- name: api-gateway
  repository: https://charts.containerum.io
  version: v1.0.4
- name: user-manager
  repository: https://charts.containerum.io
  version: v1.0.5
- name: resource
  repository: https://charts.containerum.io
  version: v1.0.5
- name: permissions
  repository: https://charts.containerum.io
  version: v1.0.5
- name: kube
  repository: https://charts.containerum.io
  version: v1.0.7-rc.0
- name: auth
  repository: https://charts.containerum.io
  version: v1.0.3
- name: mail
  repository: https://charts.containerum.io
  version: v1.0.3
- name: ui
  repository: https://charts.containerum.io
  version: v1.0.7-rc.0
- name: nodemetrics
  repository: https://charts.containerum.io
  version: 1.0.2
- name: volume
  repository: https://charts.containerum.io
  version: v1.0.2
- name: solutions
  repository: https://charts.containerum.io
  version: v1.0.2
- name: kube-importer
  repository: https://charts.containerum.io
  version: 0.0.3
digest: sha256:46215845ecc55bab4007b6acaa1afcb6b1fe8be05f634a14e6199dc4f57a8be9
generated: 2018-09-03T12:57:11.52982158+03:00
